PODS:
  - Capacitor (8.5.0):
    - CapacitorCordova
  - CapacitorCordova (8.5.0)
  - CapacitorPreferences (8.0.1):
    - Capacitor
  - CapacitorSplashScreen (8.0.2):
    - Capacitor
  - CapacitorStatusBar (8.0.3):
    - Capacitor
  - VanceFaceliftAccountWebview (0.1.0):
    - Capacitor

DEPENDENCIES:
  - "Capacitor (from `../../../../../node_modules/@capacitor/ios`)"
  - "CapacitorCordova (from `../../../../../node_modules/@capacitor/ios`)"
  - "CapacitorPreferences (from `../../../../../node_modules/@capacitor/preferences`)"
  - "CapacitorSplashScreen (from `../../../../../node_modules/@capacitor/splash-screen`)"
  - "CapacitorStatusBar (from `../../../../../node_modules/@capacitor/status-bar`)"
  - VanceFaceliftAccountWebview (from `../../../facelift-account-webview`)

EXTERNAL SOURCES:
  Capacitor:
    :path: "../../../../../node_modules/@capacitor/ios"
  CapacitorCordova:
    :path: "../../../../../node_modules/@capacitor/ios"
  CapacitorPreferences:
    :path: "../../../../../node_modules/@capacitor/preferences"
  CapacitorSplashScreen:
    :path: "../../../../../node_modules/@capacitor/splash-screen"
  CapacitorStatusBar:
    :path: "../../../../../node_modules/@capacitor/status-bar"
  VanceFaceliftAccountWebview:
    :path: "../../../facelift-account-webview"

SPEC CHECKSUMS:
  Capacitor: 00b87168591cc006ea6f5c0de681ec5c39a2c8eb
  CapacitorCordova: 9d3acbb574048e7167d2af127a0af2123e619f2f
  CapacitorPreferences: cca2021f386efb75947c850334447d9ff22b14f1
  CapacitorSplashScreen: 7bf61c2001557ff9e195e601c6b87344480d3c65
  CapacitorStatusBar: eca7bc2b58d9f886f1ef9edb66e57a9b29c121af
  VanceFaceliftAccountWebview: 33e225d059232873109b2248cc550e14b4965b36

PODFILE CHECKSUM: eac49389e55683f4857a31f96f2aa6720f8af586

COCOAPODS: 1.16.2
